// !$*UTF8*$!
{
	archiveVersion = 1;
	classes = {
	};
	objectVersion = 56;
	objects = {

/* Begin PBXBuildFile section */
		6457D8DB2BDAB338007422EE /* StateAndDataFlowApp.swift in Sources */ = {isa = PBXBuildFile; fileRef = 6457D8DA2BDAB338007422EE /* StateAndDataFlowApp.swift */; };
		6457D8DD2BDAB338007422EE /* ContentView.swift in Sources */ = {isa = PBXBuildFile; fileRef = 6457D8DC2BDAB338007422EE /* ContentView.swift */; };
		6457D8DF2BDAB339007422EE /* Assets.xcassets in Resources */ = {isa = PBXBuildFile; fileRef = 6457D8DE2BDAB339007422EE /* Assets.xcassets */; };
		6457D8E22BDAB339007422EE /* Preview Assets.xcassets in Resources */ = {isa = PBXBuildFile; fileRef = 6457D8E12BDAB339007422EE /* Preview Assets.xcassets */; };
		6457D8EB2BDAB3C2007422EE /* RootView.swift in Sources */ = {isa = PBXBuildFile; fileRef = 6457D8EA2BDAB3C2007422EE /* RootView.swift */; };
		6457D8ED2BDAB3E6007422EE /* ContentViewViewModel.swift in Sources */ = {isa = PBXBuildFile; fileRef = 6457D8EC2BDAB3E6007422EE /* ContentViewViewModel.swift */; };
		6457D8EF2BDAB40A007422EE /* LoginViewViewModel.swift in Sources */ = {isa = PBXBuildFile; fileRef = 6457D8EE2BDAB40A007422EE /* LoginViewViewModel.swift */; };
		6457D8F12BDAB423007422EE /* LoginView.swift in Sources */ = {isa = PBXBuildFile; fileRef = 6457D8F02BDAB423007422EE /* LoginView.swift */; };
/* End PBXBuildFile section */

/* Begin PBXFileReference section */
		6457D8D72BDAB338007422EE /* StateAndDataFlow.app */ = {isa = PBXFileReference; explicitFileType = wrapper.application; includeInIndex = 0; path = StateAndDataFlow.app; sourceTree = BUILT_PRODUCTS_DIR; };
		6457D8DA2BDAB338007422EE /* StateAndDataFlowApp.swift */ = {isa = PBXFileReference; lastKnownFileType = sourcecode.swift; path = StateAndDataFlowApp.swift; sourceTree = "<group>"; };
		6457D8DC2BDAB338007422EE /* ContentView.swift */ = {isa = PBXFileReference; lastKnownFileType = sourcecode.swift; path = ContentView.swift; sourceTree = "<group>"; };
		6457D8DE2BDAB339007422EE /* Assets.xcassets */ = {isa = PBXFileReference; lastKnownFileType = folder.assetcatalog; path = Assets.xcassets; sourceTree = "<group>"; };
		6457D8E12BDAB339007422EE /* Preview Assets.xcassets */ = {isa = PBXFileReference; lastKnownFileType = folder.assetcatalog; path = "Preview Assets.xcassets"; sourceTree = "<group>"; };
		6457D8EA2BDAB3C2007422EE /* RootView.swift */ = {isa = PBXFileReference; lastKnownFileType = sourcecode.swift; path = RootView.swift; sourceTree = "<group>"; };
		6457D8EC2BDAB3E6007422EE /* ContentViewViewModel.swift */ = {isa = PBXFileReference; lastKnownFileType = sourcecode.swift; path = ContentViewViewModel.swift; sourceTree = "<group>"; };
		6457D8EE2BDAB40A007422EE /* LoginViewViewModel.swift */ = {isa = PBXFileReference; lastKnownFileType = sourcecode.swift; path = LoginViewViewModel.swift; sourceTree = "<group>"; };
		6457D8F02BDAB423007422EE /* LoginView.swift */ = {isa = PBXFileReference; lastKnownFileType = sourcecode.swift; path = LoginView.swift; sourceTree = "<group>"; };
/* End PBXFileReference section */

/* Begin PBXFrameworksBuildPhase section */
		6457D8D42BDAB338007422EE /* Frameworks */ = {
			isa = PBXFrameworksBuildPhase;
			buildActionMask = 2147483647;
			files = (
			);
			runOnlyForDeploymentPostprocessing = 0;
		};
/* End PBXFrameworksBuildPhase section */

/* Begin PBXGroup section */
		6457D8CE2BDAB338007422EE = {
			isa = PBXGroup;
			children = (
				6457D8D92BDAB338007422EE /* StateAndDataFlow */,
				6457D8D82BDAB338007422EE /* Products */,
			);
			sourceTree = "<group>";
		};
		6457D8D82BDAB338007422EE /* Products */ = {
			isa = PBXGroup;
			children = (
				6457D8D72BDAB338007422EE /* StateAndDataFlow.app */,
			);
			name = Products;
			sourceTree = "<group>";
		};
		6457D8D92BDAB338007422EE /* StateAndDataFlow */ = {
			isa = PBXGroup;
			children = (
				6457D8DA2BDAB338007422EE /* StateAndDataFlowApp.swift */,
				6457D8EA2BDAB3C2007422EE /* RootView.swift */,
				6457D8E92BDAB390007422EE /* LoginView */,
				6457D8E82BDAB37A007422EE /* ContentView */,
				6457D8DE2BDAB339007422EE /* Assets.xcassets */,
				6457D8E02BDAB339007422EE /* Preview Content */,
			);
			path = StateAndDataFlow;
			sourceTree = "<group>";
		};
		6457D8E02BDAB339007422EE /* Preview Content */ = {
			isa = PBXGroup;
			children = (
				6457D8E12BDAB339007422EE /* Preview Assets.xcassets */,
			);
			path = "Preview Content";
			sourceTree = "<group>";
		};
		6457D8E82BDAB37A007422EE /* ContentView */ = {
			isa = PBXGroup;
			children = (
				6457D8DC2BDAB338007422EE /* ContentView.swift */,
				6457D8EC2BDAB3E6007422EE /* ContentViewViewModel.swift */,
			);
			path = ContentView;
			sourceTree = "<group>";
		};
		6457D8E92BDAB390007422EE /* LoginView */ = {
			isa = PBXGroup;
			children = (
				6457D8EE2BDAB40A007422EE /* LoginViewViewModel.swift */,
				6457D8F02BDAB423007422EE /* LoginView.swift */,
			);
			path = LoginView;
			sourceTree = "<group>";
		};
/* End PBXGroup section */

/* Begin PBXNativeTarget section */
		6457D8D62BDAB338007422EE /* StateAndDataFlow */ = {
			isa = PBXNativeTarget;
			buildConfigurationList = 6457D8E52BDAB339007422EE /* Build configuration list for PBXNativeTarget "StateAndDataFlow" */;
			buildPhases = (
				6457D8D32BDAB338007422EE /* Sources */,
				6457D8D42BDAB338007422EE /* Frameworks */,
				6457D8D52BDAB338007422EE /* Resources */,
			);
			buildRules = (
			);
			dependencies = (
			);
			name = StateAndDataFlow;
			productName = StateAndDataFlow;
			productReference = 6457D8D72BDAB338007422EE /* StateAndDataFlow.app */;
			productType = "com.apple.product-type.application";
		};
/* End PBXNativeTarget section */

/* Begin PBXProject section */
		6457D8CF2BDAB338007422EE /* Project object */ = {
			isa = PBXProject;
			attributes = {
				BuildIndependentTargetsInParallel = 1;
				LastSwiftUpdateCheck = 1530;
				LastUpgradeCheck = 1530;
				TargetAttributes = {
					6457D8D62BDAB338007422EE = {
						CreatedOnToolsVersion = 15.3;
					};
				};
			};
			buildConfigurationList = 6457D8D22BDAB338007422EE /* Build configuration list for PBXProject "StateAndDataFlow" */;
			compatibilityVersion = "Xcode 14.0";
			developmentRegion = en;
			hasScannedForEncodings = 0;
			knownRegions = (
				en,
				Base,
			);
			mainGroup = 6457D8CE2BDAB338007422EE;
			productRefGroup = 6457D8D82BDAB338007422EE /* Products */;
			projectDirPath = "";
			projectRoot = "";
			targets = (
				6457D8D62BDAB338007422EE /* StateAndDataFlow */,
			);
		};
/* End PBXProject section */

/* Begin PBXResourcesBuildPhase section */
		6457D8D52BDAB338007422EE /* Resources */ = {
			isa = PBXResourcesBuildPhase;
			buildActionMask = 2147483647;
			files = (
				6457D8E22BDAB339007422EE /* Preview Assets.xcassets in Resources */,
				6457D8DF2BDAB339007422EE /* Assets.xcassets in Resources */,
			);
			runOnlyForDeploymentPostprocessing = 0;
		};
/* End PBXResourcesBuildPhase section */

/* Begin PBXSourcesBuildPhase section */
		6457D8D32BDAB338007422EE /* Sources */ = {
			isa = PBXSourcesBuildPhase;
			buildActionMask = 2147483647;
			files = (
				6457D8F12BDAB423007422EE /* LoginView.swift in Sources */,
				6457D8EF2BDAB40A007422EE /* LoginViewViewModel.swift in Sources */,
				6457D8DD2BDAB338007422EE /* ContentView.swift in Sources */,
				6457D8DB2BDAB338007422EE /* StateAndDataFlowApp.swift in Sources */,
				6457D8EB2BDAB3C2007422EE /* RootView.swift in Sources */,
				6457D8ED2BDAB3E6007422EE /* ContentViewViewModel.swift in Sources */,
			);
			runOnlyForDeploymentPostprocessing = 0;
		};
/* End PBXSourcesBuildPhase section */

/* Begin XCBuildConfiguration section */
		6457D8E32BDAB339007422EE /* Debug */ = {
			isa = XCBuildConfiguration;
			buildSettings = {
				ALWAYS_SEARCH_USER_PATHS = NO;
				ASSETCATALOG_COMPILER_GENERATE_SWIFT_ASSET_SYMBOL_EXTENSIONS = YES;
				CLANG_ANALYZER_NONNULL = YES;
				CLANG_ANALYZER_NUMBER_OBJECT_CONVERSION = YES_AGGRESSIVE;
				CLANG_CXX_LANGUAGE_STANDARD = "gnu++20";
				CLANG_ENABLE_MODULES = YES;
				CLANG_ENABLE_OBJC_ARC = YES;
				CLANG_ENABLE_OBJC_WEAK = YES;
				CLANG_WARN_BLOCK_CAPTURE_AUTORELEASING = YES;
				CLANG_WARN_BOOL_CONVERSION = YES;
				CLANG_WARN_COMMA = YES;
				CLANG_WARN_CONSTANT_CONVERSION = YES;
				CLANG_WARN_DEPRECATED_OBJC_IMPLEMENTATIONS = YES;
				CLANG_WARN_DIRECT_OBJC_ISA_USAGE = YES_ERROR;
				CLANG_WARN_DOCUMENTATION_COMMENTS = YES;
				CLANG_WARN_EMPTY_BODY = YES;
				CLANG_WARN_ENUM_CONVERSION = YES;
				CLANG_WARN_INFINITE_RECURSION = YES;
				CLANG_WARN_INT_CONVERSION = YES;
				CLANG_WARN_NON_LITERAL_NULL_CONVERSION = YES;
				CLANG_WARN_OBJC_IMPLICIT_RETAIN_SELF = YES;
				CLANG_WARN_OBJC_LITERAL_CONVERSION = YES;
				CLANG_WARN_OBJC_ROOT_CLASS = YES_ERROR;
				CLANG_WARN_QUOTED_INCLUDE_IN_FRAMEWORK_HEADER = YES;
				CLANG_WARN_RANGE_LOOP_ANALYSIS = YES;
				CLANG_WARN_STRICT_PROTOTYPES = YES;
				CLANG_WARN_SUSPICIOUS_MOVE = YES;
				CLANG_WARN_UNGUARDED_AVAILABILITY = YES_AGGRESSIVE;
				CLANG_WARN_UNREACHABLE_CODE = YES;
				CLANG_WARN__DUPLICATE_METHOD_MATCH = YES;
				COPY_PHASE_STRIP = NO;
				DEBUG_INFORMATION_FORMAT = dwarf;
				ENABLE_STRICT_OBJC_MSGSEND = YES;
				ENABLE_TESTABILITY = YES;
				ENABLE_USER_SCRIPT_SANDBOXING = YES;
				GCC_C_LANGUAGE_STANDARD = gnu17;
				GCC_DYNAMIC_NO_PIC = NO;
				GCC_NO_COMMON_BLOCKS = YES;
				GCC_OPTIMIZATION_LEVEL = 0;
				GCC_PREPROCESSOR_DEFINITIONS = (
					"DEBUG=1",
					"$(inherited)",
				);
				GCC_WARN_64_TO_32_BIT_CONVERSION = YES;
				GCC_WARN_ABOUT_RETURN_TYPE = YES_ERROR;
				GCC_WARN_UNDECLARED_SELECTOR = YES;
				GCC_WARN_UNINITIALIZED_AUTOS = YES_AGGRESSIVE;
				GCC_WARN_UNUSED_FUNCTION = YES;
				GCC_WARN_UNUSED_VARIABLE = YES;
				IPHONEOS_DEPLOYMENT_TARGET = 17.4;
				LOCALIZATION_PREFERS_STRING_CATALOGS = YES;
				MTL_ENABLE_DEBUG_INFO = INCLUDE_SOURCE;
				MTL_FAST_MATH = YES;
				ONLY_ACTIVE_ARCH = YES;
				SDKROOT = iphoneos;
				SWIFT_ACTIVE_COMPILATION_CONDITIONS = "DEBUG $(inherited)";
				SWIFT_OPTIMIZATION_LEVEL = "-Onone";
			};
			name = Debug;
		};
		6457D8E42BDAB339007422EE /* Release */ = {
			isa = XCBuildConfiguration;
			buildSettings = {
				ALWAYS_SEARCH_USER_PATHS = NO;
				ASSETCATALOG_COMPILER_GENERATE_SWIFT_ASSET_SYMBOL_EXTENSIONS = YES;
				CLANG_ANALYZER_NONNULL = YES;
				CLANG_ANALYZER_NUMBER_OBJECT_CONVERSION = YES_AGGRESSIVE;
				CLANG_CXX_LANGUAGE_STANDARD = "gnu++20";
				CLANG_ENABLE_MODULES = YES;
				CLANG_ENABLE_OBJC_ARC = YES;
				CLANG_ENABLE_OBJC_WEAK = YES;
				CLANG_WARN_BLOCK_CAPTURE_AUTORELEASING = YES;
				CLANG_WARN_BOOL_CONVERSION = YES;
				CLANG_WARN_COMMA = YES;
				CLANG_WARN_CONSTANT_CONVERSION = YES;
				CLANG_WARN_DEPRECATED_OBJC_IMPLEMENTATIONS = YES;
				CLANG_WARN_DIRECT_OBJC_ISA_USAGE = YES_ERROR;
				CLANG_WARN_DOCUMENTATION_COMMENTS = YES;
				CLANG_WARN_EMPTY_BODY = YES;
				CLANG_WARN_ENUM_CONVERSION = YES;
				CLANG_WARN_INFINITE_RECURSION = YES;
				CLANG_WARN_INT_CONVERSION = YES;
				CLANG_WARN_NON_LITERAL_NULL_CONVERSION = YES;
				CLANG_WARN_OBJC_IMPLICIT_RETAIN_SELF = YES;
				CLANG_WARN_OBJC_LITERAL_CONVERSION = YES;
				CLANG_WARN_OBJC_ROOT_CLASS = YES_ERROR;
				CLANG_WARN_QUOTED_INCLUDE_IN_FRAMEWORK_HEADER = YES;
				CLANG_WARN_RANGE_LOOP_ANALYSIS = YES;
				CLANG_WARN_STRICT_PROTOTYPES = YES;
				CLANG_WARN_SUSPICIOUS_MOVE = YES;
				CLANG_WARN_UNGUARDED_AVAILABILITY = YES_AGGRESSIVE;
				CLANG_WARN_UNREACHABLE_CODE = YES;
				CLANG_WARN__DUPLICATE_METHOD_MATCH = YES;
				COPY_PHASE_STRIP = NO;
				DEBUG_INFORMATION_FORMAT = "dwarf-with-dsym";
				ENABLE_NS_ASSERTIONS = NO;
				ENABLE_STRICT_OBJC_MSGSEND = YES;
				ENABLE_USER_SCRIPT_SANDBOXING = YES;
				GCC_C_LANGUAGE_STANDARD = gnu17;
				GCC_NO_COMMON_BLOCKS = YES;
				GCC_WARN_64_TO_32_BIT_CONVERSION = YES;
				GCC_WARN_ABOUT_RETURN_TYPE = YES_ERROR;
				GCC_WARN_UNDECLARED_SELECTOR = YES;
				GCC_WARN_UNINITIALIZED_AUTOS = YES_AGGRESSIVE;
				GCC_WARN_UNUSED_FUNCTION = YES;
				GCC_WARN_UNUSED_VARIABLE = YES;
				IPHONEOS_DEPLOYMENT_TARGET = 17.4;
				LOCALIZATION_PREFERS_STRING_CATALOGS = YES;
				MTL_ENABLE_DEBUG_INFO = NO;
				MTL_FAST_MATH = YES;
				SDKROOT = iphoneos;
				SWIFT_COMPILATION_MODE = wholemodule;
				VALIDATE_PRODUCT = YES;
			};
			name = Release;
		};
		6457D8E62BDAB339007422EE /* Debug */ = {
			isa = XCBuildConfiguration;
			buildSettings = {
				ASSETCATALOG_COMPILER_APPICON_NAME = AppIcon;
				ASSETCATALOG_COMPILER_GLOBAL_ACCENT_COLOR_NAME = AccentColor;
				CODE_SIGN_STYLE = Automatic;
				CURRENT_PROJECT_VERSION = 1;
				DEVELOPMENT_ASSET_PATHS = "\"StateAndDataFlow/Preview Content\"";
				ENABLE_PREVIEWS = YES;
				GENERATE_INFOPLIST_FILE = YES;
				INFOPLIST_KEY_UIApplicationSceneManifest_Generation = YES;
				INFOPLIST_KEY_UIApplicationSupportsIndirectInputEvents = YES;
				INFOPLIST_KEY_UILaunchScreen_Generation = YES;
				INFOPLIST_KEY_UISupportedInterfaceOrientations_iPad = "UIInterfaceOrientationPortrait UIInterfaceOrientationPortraitUpsideDown UIInterfaceOrientationLandscapeLeft UIInterfaceOrientationLandscapeRight";
				INFOPLIST_KEY_UISupportedInterfaceOrientations_iPhone = "UIInterfaceOrientationPortrait UIInterfaceOrientationLandscapeLeft UIInterfaceOrientationLandscapeRight";
				LD_RUNPATH_SEARCH_PATHS = (
					"$(inherited)",
					"@executable_path/Frameworks",
				);
				MARKETING_VERSION = 1.0;
				PRODUCT_BUNDLE_IDENTIFIER = swift.StateAndDataFlow;
				PRODUCT_NAME = "$(TARGET_NAME)";
				SWIFT_EMIT_LOC_STRINGS = YES;
				SWIFT_VERSION = 5.0;
				TARGETED_DEVICE_FAMILY = "1,2";
			};
			name = Debug;
		};
		6457D8E72BDAB339007422EE /* Release */ = {
			isa = XCBuildConfiguration;
			buildSettings = {
				ASSETCATALOG_COMPILER_APPICON_NAME = AppIcon;
				ASSETCATALOG_COMPILER_GLOBAL_ACCENT_COLOR_NAME = AccentColor;
				CODE_SIGN_STYLE = Automatic;
				CURRENT_PROJECT_VERSION = 1;
				DEVELOPMENT_ASSET_PATHS = "\"StateAndDataFlow/Preview Content\"";
				ENABLE_PREVIEWS = YES;
				GENERATE_INFOPLIST_FILE = YES;
				INFOPLIST_KEY_UIApplicationSceneManifest_Generation = YES;
				INFOPLIST_KEY_UIApplicationSupportsIndirectInputEvents = YES;
				INFOPLIST_KEY_UILaunchScreen_Generation = YES;
				INFOPLIST_KEY_UISupportedInterfaceOrientations_iPad = "UIInterfaceOrientationPortrait UIInterfaceOrientationPortraitUpsideDown UIInterfaceOrientationLandscapeLeft UIInterfaceOrientationLandscapeRight";
				INFOPLIST_KEY_UISupportedInterfaceOrientations_iPhone = "UIInterfaceOrientationPortrait UIInterfaceOrientationLandscapeLeft UIInterfaceOrientationLandscapeRight";
				LD_RUNPATH_SEARCH_PATHS = (
					"$(inherited)",
					"@executable_path/Frameworks",
				);
				MARKETING_VERSION = 1.0;
				PRODUCT_BUNDLE_IDENTIFIER = swift.StateAndDataFlow;
				PRODUCT_NAME = "$(TARGET_NAME)";
				SWIFT_EMIT_LOC_STRINGS = YES;
				SWIFT_VERSION = 5.0;
				TARGETED_DEVICE_FAMILY = "1,2";
			};
			name = Release;
		};
/* End XCBuildConfiguration section */

/* Begin XCConfigurationList section */
		6457D8D22BDAB338007422EE /* Build configuration list for PBXProject "StateAndDataFlow" */ = {
			isa = XCConfigurationList;
			buildConfigurations = (
				6457D8E32BDAB339007422EE /* Debug */,
				6457D8E42BDAB339007422EE /* Release */,
			);
			defaultConfigurationIsVisible = 0;
			defaultConfigurationName = Release;
		};
		6457D8E52BDAB339007422EE /* Build configuration list for PBXNativeTarget "StateAndDataFlow" */ = {
			isa = XCConfigurationList;
			buildConfigurations = (
				6457D8E62BDAB339007422EE /* Debug */,
				6457D8E72BDAB339007422EE /* Release */,
			);
			defaultConfigurationIsVisible = 0;
			defaultConfigurationName = Release;
		};
/* End XCConfigurationList section */
	};
	rootObject = 6457D8CF2BDAB338007422EE /* Project object */;
}
